
Microsoft Visual Studio Solution File, Format Version 12.00
# Visual Studio Version 17
VisualStudioVersion = 17.10.35013.160
MinimumVisualStudioVersion = 10.0.40219.1
Project("{FAE04EC0-301F-11D3-BF4B-00C04F79EFBC}") = "DIceGame1", "DIceGame1\DIceGame1.csproj", "{812D80E3-4C43-40C7-85C9-43C898DACFD8}"
EndProject
Global
	GlobalSection(SolutionConfigurationPlatforms) = preSolution
		Debug|Any CPU = Debug|Any CPU
		Release|Any CPU = Release|Any CPU
	EndGlobalSection
	GlobalSection(ProjectConfigurationPlatforms) = postSolution
		{812D80E3-4C43-40C7-85C9-43C898DACFD8}.Debug|Any CPU.ActiveCfg = Debug|Any CPU
		{812D80E3-4C43-40C7-85C9-43C898DACFD8}.Debug|Any CPU.Build.0 = Debug|Any CPU
		{812D80E3-4C43-40C7-85C9-43C898DACFD8}.Release|Any CPU.ActiveCfg = Release|Any CPU
		{812D80E3-4C43-40C7-85C9-43C898DACFD8}.Release|Any CPU.Build.0 = Release|Any CPU
	EndGlobalSection
	GlobalSection(SolutionProperties) = preSolution
		HideSolutionNode = FALSE
	EndGlobalSection
	GlobalSection(ExtensibilityGlobals) = postSolution
		SolutionGuid = {16133B9C-C0DC-4833-96F5-F9CD5EAC1836}
	EndGlobalSection
EndGlobal
